
Microsoft Visual Studio Solution File, Format Version 12.00
# Visual Studio Version 16
VisualStudioVersion = 16.0.30104.148
MinimumVisualStudioVersion = 10.0.40219.1
Project("{9A19103F-16F7-4668-BE54-9A1E7A4F7556}") = "Chambers.API", "Chambers.API\Chambers.API.csproj", "{1CDC1729-C02F-490A-86E6-C68FA3A39213}"
EndProject
Project("{2150E333-8FDC-42A3-9474-1A3956D46DE8}") = "src", "src", "{E5FE96FA-4A64-4155-BA2A-726EB73C0554}"
EndProject
Project("{2150E333-8FDC-42A3-9474-1A3956D46DE8}") = "Services", "Services", "{1B9C0E05-89B6-4926-8A6C-EF8339E7A85A}"
EndProject
Project("{2150E333-8FDC-42A3-9474-1A3956D46DE8}") = "Web Apps", "Web Apps", "{765B5B61-60BA-4BAB-8889-A612ABE68B96}"
EndProject
Project("{2150E333-8FDC-42A3-9474-1A3956D46DE8}") = "tests", "tests", "{75930394-C3D5-4DA0-BAFA-7D444C3BCBA9}"
EndProject
Project("{2150E333-8FDC-42A3-9474-1A3956D46DE8}") = "tests", "tests", "{097FDA77-4221-44CE-981C-DC843B7FAD38}"
EndProject
Project("{2150E333-8FDC-42A3-9474-1A3956D46DE8}") = "ServiceLevelTests", "ServiceLevelTests", "{FD0D0D3C-61BA-4B99-B73C-CE89FF52C923}"
EndProject
Project("{9A19103F-16F7-4668-BE54-9A1E7A4F7556}") = "Chambers.UnitTests", "Chambers.UnitTests\Chambers.UnitTests.csproj", "{777DDB35-6920-48BB-A527-FD87D8DD57EC}"
EndProject
Project("{9A19103F-16F7-4668-BE54-9A1E7A4F7556}") = "Application.FunctionlTests", "Application.FunctionlTests\Application.FunctionlTests.csproj", "{EABC02D5-0C18-414F-83A3-42758D8E6545}"
EndProject
Global
	GlobalSection(SolutionConfigurationPlatforms) = preSolution
		Debug|Any CPU = Debug|Any CPU
		Release|Any CPU = Release|Any CPU
	EndGlobalSection
	GlobalSection(ProjectConfigurationPlatforms) = postSolution
		{1CDC1729-C02F-490A-86E6-C68FA3A39213}.Debug|Any CPU.ActiveCfg = Debug|Any CPU
		{1CDC1729-C02F-490A-86E6-C68FA3A39213}.Debug|Any CPU.Build.0 = Debug|Any CPU
		{1CDC1729-C02F-490A-86E6-C68FA3A39213}.Release|Any CPU.ActiveCfg = Release|Any CPU
		{1CDC1729-C02F-490A-86E6-C68FA3A39213}.Release|Any CPU.Build.0 = Release|Any CPU
		{777DDB35-6920-48BB-A527-FD87D8DD57EC}.Debug|Any CPU.ActiveCfg = Debug|Any CPU
		{777DDB35-6920-48BB-A527-FD87D8DD57EC}.Debug|Any CPU.Build.0 = Debug|Any CPU
		{777DDB35-6920-48BB-A527-FD87D8DD57EC}.Release|Any CPU.ActiveCfg = Release|Any CPU
		{777DDB35-6920-48BB-A527-FD87D8DD57EC}.Release|Any CPU.Build.0 = Release|Any CPU
		{EABC02D5-0C18-414F-83A3-42758D8E6545}.Debug|Any CPU.ActiveCfg = Debug|Any CPU
		{EABC02D5-0C18-414F-83A3-42758D8E6545}.Debug|Any CPU.Build.0 = Debug|Any CPU
		{EABC02D5-0C18-414F-83A3-42758D8E6545}.Release|Any CPU.ActiveCfg = Release|Any CPU
		{EABC02D5-0C18-414F-83A3-42758D8E6545}.Release|Any CPU.Build.0 = Release|Any CPU
	EndGlobalSection
	GlobalSection(SolutionProperties) = preSolution
		HideSolutionNode = FALSE
	EndGlobalSection
	GlobalSection(NestedProjects) = preSolution
		{1CDC1729-C02F-490A-86E6-C68FA3A39213} = {1B9C0E05-89B6-4926-8A6C-EF8339E7A85A}
		{1B9C0E05-89B6-4926-8A6C-EF8339E7A85A} = {E5FE96FA-4A64-4155-BA2A-726EB73C0554}
		{765B5B61-60BA-4BAB-8889-A612ABE68B96} = {E5FE96FA-4A64-4155-BA2A-726EB73C0554}
		{75930394-C3D5-4DA0-BAFA-7D444C3BCBA9} = {1B9C0E05-89B6-4926-8A6C-EF8339E7A85A}
		{097FDA77-4221-44CE-981C-DC843B7FAD38} = {E5FE96FA-4A64-4155-BA2A-726EB73C0554}
		{FD0D0D3C-61BA-4B99-B73C-CE89FF52C923} = {097FDA77-4221-44CE-981C-DC843B7FAD38}
		{777DDB35-6920-48BB-A527-FD87D8DD57EC} = {75930394-C3D5-4DA0-BAFA-7D444C3BCBA9}
		{EABC02D5-0C18-414F-83A3-42758D8E6545} = {FD0D0D3C-61BA-4B99-B73C-CE89FF52C923}
	EndGlobalSection
	GlobalSection(ExtensibilityGlobals) = postSolution
		SolutionGuid = {E002307F-B186-4E59-95F3-1F57F58ACCE8}
	EndGlobalSection
EndGlobal
